
Microsoft Visual Studio Solution File, Format Version 12.00
# Visual Studio Version 17
VisualStudioVersion = 17.3.32901.215
MinimumVisualStudioVersion = 10.0.40219.1
Project("{FAE04EC0-301F-11D3-BF4B-00C04F79EFBC}") = "NotinoHomework", "NotinoHomework\NotinoHomework.csproj", "{ED2AEFC6-F1C2-4382-B088-DB1ED81303D0}"
EndProject
Global
	GlobalSection(SolutionConfigurationPlatforms) = preSolution
		Debug|Any CPU = Debug|Any CPU
		Release|Any CPU = Release|Any CPU
	EndGlobalSection
	GlobalSection(ProjectConfigurationPlatforms) = postSolution
		{ED2AEFC6-F1C2-4382-B088-DB1ED81303D0}.Debug|Any CPU.ActiveCfg = Debug|Any CPU
		{ED2AEFC6-F1C2-4382-B088-DB1ED81303D0}.Debug|Any CPU.Build.0 = Debug|Any CPU
		{ED2AEFC6-F1C2-4382-B088-DB1ED81303D0}.Release|Any CPU.ActiveCfg = Release|Any CPU
		{ED2AEFC6-F1C2-4382-B088-DB1ED81303D0}.Release|Any CPU.Build.0 = Release|Any CPU
	EndGlobalSection
	GlobalSection(SolutionProperties) = preSolution
		HideSolutionNode = FALSE
	EndGlobalSection
	GlobalSection(ExtensibilityGlobals) = postSolution
		SolutionGuid = {ADB002FF-EFCF-4DD8-A5A1-B1F93FB6F3B7}
	EndGlobalSection
EndGlobal
